{
  "name": "selina",
  "version": "0.0.1",
  "lockfileVersion": 2,
  "requires": true,
  "packages": {
    "": {
      "version": "0.0.1",
      "license": "ISC",
      "dependencies": {
        "@types/node": "^15.6.0",
        "milena": "^0.1.0",
        "samara": "^0.1.10",
        "typescript": "^4.2.4"
      }
    },
    "node_modules/@types/node": {
      "version": "15.6.0",
      "resolved": "https://registry.npmjs.org/@types/node/-/node-15.6.0.tgz",
      "integrity": "sha512-gCYSfQpy+LYhOFTKAeE8BkyGqaxmlFxe+n4DKM6DR0wzw/HISUE/hAmkC/KT8Sw5PCJblqg062b3z9gucv3k0A=="
    },
    "node_modules/milena": {
      "version": "0.1.1",
      "resolved": "https://registry.npmjs.org/milena/-/milena-0.1.1.tgz",
      "integrity": "sha512-+TX1fbB+3J2mNA9OqiEHlUMFL2imlKmn0EuFNITXK+wkmruRfE9q7UzH7dSAToRqvLoBLUFGShxKFHwiwr4wtw=="
    },
    "node_modules/samara": {
      "version": "0.1.10",
      "resolved": "https://registry.npmjs.org/samara/-/samara-0.1.10.tgz",
      "integrity": "sha512-eEyxuecKXCESR3yyOVm8O7A3Qr4R85L20J2D4fuybiMIeaZ8CH4Cs5xtuW/MJbuuYSHNfSQ4gRDDfcRgQ/M0+Q=="
    },
    "node_modules/typescript": {
      "version": "4.2.4",
      "resolved": "https://registry.npmjs.org/typescript/-/typescript-4.2.4.tgz",
      "integrity": "sha512-V+evlYHZnQkaz8TRBuxTA92yZBPotr5H+WhQ7bD3hZUndx5tGOa1fuCgeSjxAzM1RiN5IzvadIXTVefuuwZCRg==",
      "bin": {
        "tsc": "bin/tsc",
        "tsserver": "bin/tsserver"
      },
      "engines": {
        "node": ">=4.2.0"
      }
    }
  },
  "dependencies": {
    "@types/node": {
      "version": "15.6.0",
      "resolved": "https://registry.npmjs.org/@types/node/-/node-15.6.0.tgz",
      "integrity": "sha512-gCYSfQpy+LYhOFTKAeE8BkyGqaxmlFxe+n4DKM6DR0wzw/HISUE/hAmkC/KT8Sw5PCJblqg062b3z9gucv3k0A=="
    },
    "milena": {
      "version": "0.1.1",
      "resolved": "https://registry.npmjs.org/milena/-/milena-0.1.1.tgz",
      "integrity": "sha512-+TX1fbB+3J2mNA9OqiEHlUMFL2imlKmn0EuFNITXK+wkmruRfE9q7UzH7dSAToRqvLoBLUFGShxKFHwiwr4wtw=="
    },
    "samara": {
      "version": "0.1.10",
      "resolved": "https://registry.npmjs.org/samara/-/samara-0.1.10.tgz",
      "integrity": "sha512-eEyxuecKXCESR3yyOVm8O7A3Qr4R85L20J2D4fuybiMIeaZ8CH4Cs5xtuW/MJbuuYSHNfSQ4gRDDfcRgQ/M0+Q=="
    },
    "typescript": {
      "version": "4.2.4",
      "resolved": "https://registry.npmjs.org/typescript/-/typescript-4.2.4.tgz",
      "integrity": "sha512-V+evlYHZnQkaz8TRBuxTA92yZBPotr5H+WhQ7bD3hZUndx5tGOa1fuCgeSjxAzM1RiN5IzvadIXTVefuuwZCRg=="
    }
  }
}
