{
  "name": "selina",
  "version": "0.1.7",
  "lockfileVersion": 2,
  "requires": true,
  "packages": {
    "": {
      "version": "0.1.7",
      "license": "ISC",
      "dependencies": {
        "milena": "^0.1.2",
        "samara": "^0.1.10"
      },
      "devDependencies": {
        "@types/node": "^15.12.1",
        "typescript": "^4.3.2"
      }
    },
    "node_modules/@types/node": {
      "version": "15.12.1",
      "resolved": "https://registry.npmjs.org/@types/node/-/node-15.12.1.tgz",
      "integrity": "sha512-zyxJM8I1c9q5sRMtVF+zdd13Jt6RU4r4qfhTd7lQubyThvLfx6yYekWSQjGCGV2Tkecgxnlpl/DNlb6Hg+dmEw==",
      "dev": true
    },
    "node_modules/milena": {
      "version": "0.1.3",
      "resolved": "https://registry.npmjs.org/milena/-/milena-0.1.3.tgz",
      "integrity": "sha512-kDdfXivLvwNUStcQ5+24lo+qc4gZNwGoxkDCYIvCy0NyvHRh3ymLP07IC9z+7SXTzYcW2Ozi2/tsVkS4lasUGA=="
    },
    "node_modules/samara": {
      "version": "0.1.10",
      "resolved": "https://registry.npmjs.org/samara/-/samara-0.1.10.tgz",
      "integrity": "sha512-eEyxuecKXCESR3yyOVm8O7A3Qr4R85L20J2D4fuybiMIeaZ8CH4Cs5xtuW/MJbuuYSHNfSQ4gRDDfcRgQ/M0+Q=="
    },
    "node_modules/typescript": {
      "version": "4.3.2",
      "resolved": "https://registry.npmjs.org/typescript/-/typescript-4.3.2.tgz",
      "integrity": "sha512-zZ4hShnmnoVnAHpVHWpTcxdv7dWP60S2FsydQLV8V5PbS3FifjWFFRiHSWpDJahly88PRyV5teTSLoq4eG7mKw==",
      "dev": true,
      "bin": {
        "tsc": "bin/tsc",
        "tsserver": "bin/tsserver"
      },
      "engines": {
        "node": ">=4.2.0"
      }
    }
  },
  "dependencies": {
    "@types/node": {
      "version": "15.12.1",
      "resolved": "https://registry.npmjs.org/@types/node/-/node-15.12.1.tgz",
      "integrity": "sha512-zyxJM8I1c9q5sRMtVF+zdd13Jt6RU4r4qfhTd7lQubyThvLfx6yYekWSQjGCGV2Tkecgxnlpl/DNlb6Hg+dmEw==",
      "dev": true
    },
    "milena": {
      "version": "0.1.3",
      "resolved": "https://registry.npmjs.org/milena/-/milena-0.1.3.tgz",
      "integrity": "sha512-kDdfXivLvwNUStcQ5+24lo+qc4gZNwGoxkDCYIvCy0NyvHRh3ymLP07IC9z+7SXTzYcW2Ozi2/tsVkS4lasUGA=="
    },
    "samara": {
      "version": "0.1.10",
      "resolved": "https://registry.npmjs.org/samara/-/samara-0.1.10.tgz",
      "integrity": "sha512-eEyxuecKXCESR3yyOVm8O7A3Qr4R85L20J2D4fuybiMIeaZ8CH4Cs5xtuW/MJbuuYSHNfSQ4gRDDfcRgQ/M0+Q=="
    },
    "typescript": {
      "version": "4.3.2",
      "resolved": "https://registry.npmjs.org/typescript/-/typescript-4.3.2.tgz",
      "integrity": "sha512-zZ4hShnmnoVnAHpVHWpTcxdv7dWP60S2FsydQLV8V5PbS3FifjWFFRiHSWpDJahly88PRyV5teTSLoq4eG7mKw==",
      "dev": true
    }
  }
}
